
Microsoft Visual Studio Solution File, Format Version 12.00
# Visual Studio 2013
VisualStudioVersion = 12.0.30723.0
MinimumVisualStudioVersion = 10.0.40219.1
Project("{FAE04EC0-301F-11D3-BF4B-00C04F79EFBC}") = "Plutus.Web", "Plutus.Web\Plutus.Web.csproj", "{BBFAA0A9-96C2-4A1A-8094-801CA9FE77C1}"
	ProjectSection(ProjectDependencies) = postProject
		{0F537A8C-3BF0-4819-A397-54550F291F83} = {0F537A8C-3BF0-4819-A397-54550F291F83}
	EndProjectSection
EndProject
Project("{FAE04EC0-301F-11D3-BF4B-00C04F79EFBC}") = "Plutus.Library", "Plutus.Library\Plutus.Library.csproj", "{0F537A8C-3BF0-4819-A397-54550F291F83}"
EndProject
Project("{FAE04EC0-301F-11D3-BF4B-00C04F79EFBC}") = "Plutus.Portable", "Plutus.Portable\Plutus.Portable.csproj", "{4C99E98E-31F1-4509-B7DC-C3186251C7C6}"
EndProject
Project("{FAE04EC0-301F-11D3-BF4B-00C04F79EFBC}") = "Plutus.Web.Library", "Plutus.Web.Library\Plutus.Web.Library.csproj", "{FD7E59BB-6BDA-4B14-82B9-5260C48C0C4A}"
EndProject
Global
	GlobalSection(SolutionConfigurationPlatforms) = preSolution
		Debug|Any CPU = Debug|Any CPU
		Release|Any CPU = Release|Any CPU
	EndGlobalSection
	GlobalSection(ProjectConfigurationPlatforms) = postSolution
		{BBFAA0A9-96C2-4A1A-8094-801CA9FE77C1}.Debug|Any CPU.ActiveCfg = Debug|Any CPU
		{BBFAA0A9-96C2-4A1A-8094-801CA9FE77C1}.Debug|Any CPU.Build.0 = Debug|Any CPU
		{BBFAA0A9-96C2-4A1A-8094-801CA9FE77C1}.Release|Any CPU.ActiveCfg = Release|Any CPU
		{BBFAA0A9-96C2-4A1A-8094-801CA9FE77C1}.Release|Any CPU.Build.0 = Release|Any CPU
		{0F537A8C-3BF0-4819-A397-54550F291F83}.Debug|Any CPU.ActiveCfg = Debug|Any CPU
		{0F537A8C-3BF0-4819-A397-54550F291F83}.Debug|Any CPU.Build.0 = Debug|Any CPU
		{0F537A8C-3BF0-4819-A397-54550F291F83}.Release|Any CPU.ActiveCfg = Release|Any CPU
		{0F537A8C-3BF0-4819-A397-54550F291F83}.Release|Any CPU.Build.0 = Release|Any CPU
		{4C99E98E-31F1-4509-B7DC-C3186251C7C6}.Debug|Any CPU.ActiveCfg = Debug|Any CPU
		{4C99E98E-31F1-4509-B7DC-C3186251C7C6}.Debug|Any CPU.Build.0 = Debug|Any CPU
		{4C99E98E-31F1-4509-B7DC-C3186251C7C6}.Release|Any CPU.ActiveCfg = Release|Any CPU
		{4C99E98E-31F1-4509-B7DC-C3186251C7C6}.Release|Any CPU.Build.0 = Release|Any CPU
		{FD7E59BB-6BDA-4B14-82B9-5260C48C0C4A}.Debug|Any CPU.ActiveCfg = Debug|Any CPU
		{FD7E59BB-6BDA-4B14-82B9-5260C48C0C4A}.Debug|Any CPU.Build.0 = Debug|Any CPU
		{FD7E59BB-6BDA-4B14-82B9-5260C48C0C4A}.Release|Any CPU.ActiveCfg = Release|Any CPU
		{FD7E59BB-6BDA-4B14-82B9-5260C48C0C4A}.Release|Any CPU.Build.0 = Release|Any CPU
	EndGlobalSection
	GlobalSection(SolutionProperties) = preSolution
		HideSolutionNode = FALSE
	EndGlobalSection
EndGlobal
